// !$*UTF8*$!
{
	archiveVersion = 1;
	classes = {
	};
	objectVersion = 46;
	objects = {

/* Begin PBXBuildFile section */
		E67F68C0179EE33B0086F03C /* PYCore.framework in Frameworks */ = {isa = PBXBuildFile; fileRef = E6A3871315B5468D0096A14A /* PYCore.framework */; };
		E67F68C3179EE37D0086F03C /* PYLayer.h in Headers */ = {isa = PBXBuildFile; fileRef = E67F68C1179EE37D0086F03C /* PYLayer.h */; };
		E67F68C4179EE37D0086F03C /* PYLayer.m in Sources */ = {isa = PBXBuildFile; fileRef = E67F68C2179EE37D0086F03C /* PYLayer.m */; };
		E67F68C7179EE4E90086F03C /* PYStaticLayer.h in Headers */ = {isa = PBXBuildFile; fileRef = E67F68C5179EE4E90086F03C /* PYStaticLayer.h */; };
		E67F68C8179EE4E90086F03C /* PYStaticLayer.m in Sources */ = {isa = PBXBuildFile; fileRef = E67F68C6179EE4E90086F03C /* PYStaticLayer.m */; };
		E67F68CB179EE56C0086F03C /* PYView.h in Headers */ = {isa = PBXBuildFile; fileRef = E67F68C9179EE56B0086F03C /* PYView.h */; };
		E67F68CC179EE56C0086F03C /* PYView.m in Sources */ = {isa = PBXBuildFile; fileRef = E67F68CA179EE56C0086F03C /* PYView.m */; };
		E67F68D0179EE6040086F03C /* UIColor+PYUIKit.h in Headers */ = {isa = PBXBuildFile; fileRef = E67F68CE179EE6040086F03C /* UIColor+PYUIKit.h */; };
		E67F68D1179EE6040086F03C /* UIColor+PYUIKit.m in Sources */ = {isa = PBXBuildFile; fileRef = E67F68CF179EE6040086F03C /* UIColor+PYUIKit.m */; };
		E67F68D7179EE9340086F03C /* PYUIKit.h in Headers */ = {isa = PBXBuildFile; fileRef = E67F68D6179EE9340086F03C /* PYUIKit.h */; };
		E67F68D8179EE9DE0086F03C /* PYRectangleCalc.m in Sources */ = {isa = PBXBuildFile; fileRef = E67F68D4179EE70C0086F03C /* PYRectangleCalc.m */; };
		E67F68DC179EEB9D0086F03C /* PYInnerShadowLayer.h in Headers */ = {isa = PBXBuildFile; fileRef = E67F68DA179EEB9C0086F03C /* PYInnerShadowLayer.h */; };
		E67F68DD179EEB9D0086F03C /* PYInnerShadowLayer.m in Sources */ = {isa = PBXBuildFile; fileRef = E67F68DB179EEB9C0086F03C /* PYInnerShadowLayer.m */; };
		E6D57F3E15F5A8C400C1ED25 /* Foundation.framework in Frameworks */ = {isa = PBXBuildFile; fileRef = E6263F8515B42B1400DCF831 /* Foundation.framework */; };
/* End PBXBuildFile section */

/* Begin PBXFileReference section */
		E6263F8315B42B1400DCF831 /* UIKit.framework */ = {isa = PBXFileReference; lastKnownFileType = wrapper.framework; name = UIKit.framework; path = System/Library/Frameworks/UIKit.framework; sourceTree = SDKROOT; };
		E6263F8515B42B1400DCF831 /* Foundation.framework */ = {isa = PBXFileReference; lastKnownFileType = wrapper.framework; name = Foundation.framework; path = System/Library/Frameworks/Foundation.framework; sourceTree = SDKROOT; };
		E6263F8715B42B1400DCF831 /* CoreGraphics.framework */ = {isa = PBXFileReference; lastKnownFileType = wrapper.framework; name = CoreGraphics.framework; path = System/Library/Frameworks/CoreGraphics.framework; sourceTree = SDKROOT; };
		E6263FED15B4326700DCF831 /* Accelerate.framework */ = {isa = PBXFileReference; lastKnownFileType = wrapper.framework; name = Accelerate.framework; path = System/Library/Frameworks/Accelerate.framework; sourceTree = SDKROOT; };
		E6263FEF15B4326B00DCF831 /* QuartzCore.framework */ = {isa = PBXFileReference; lastKnownFileType = wrapper.framework; name = QuartzCore.framework; path = System/Library/Frameworks/QuartzCore.framework; sourceTree = SDKROOT; };
		E6263FF115B4327100DCF831 /* ImageIO.framework */ = {isa = PBXFileReference; lastKnownFileType = wrapper.framework; name = ImageIO.framework; path = System/Library/Frameworks/ImageIO.framework; sourceTree = SDKROOT; };
		E67F68C1179EE37D0086F03C /* PYLayer.h */ = {isa = PBXFileReference; fileEncoding = 4; lastKnownFileType = sourcecode.c.h; path = PYLayer.h; sourceTree = "<group>"; };
		E67F68C2179EE37D0086F03C /* PYLayer.m */ = {isa = PBXFileReference; fileEncoding = 4; lastKnownFileType = sourcecode.c.objc; path = PYLayer.m; sourceTree = "<group>"; };
		E67F68C5179EE4E90086F03C /* PYStaticLayer.h */ = {isa = PBXFileReference; fileEncoding = 4; lastKnownFileType = sourcecode.c.h; path = PYStaticLayer.h; sourceTree = "<group>"; };
		E67F68C6179EE4E90086F03C /* PYStaticLayer.m */ = {isa = PBXFileReference; fileEncoding = 4; lastKnownFileType = sourcecode.c.objc; path = PYStaticLayer.m; sourceTree = "<group>"; };
		E67F68C9179EE56B0086F03C /* PYView.h */ = {isa = PBXFileReference; fileEncoding = 4; lastKnownFileType = sourcecode.c.h; path = PYView.h; sourceTree = "<group>"; };
		E67F68CA179EE56C0086F03C /* PYView.m */ = {isa = PBXFileReference; fileEncoding = 4; lastKnownFileType = sourcecode.c.objc; path = PYView.m; sourceTree = "<group>"; };
		E67F68CE179EE6040086F03C /* UIColor+PYUIKit.h */ = {isa = PBXFileReference; fileEncoding = 4; lastKnownFileType = sourcecode.c.h; path = "UIColor+PYUIKit.h"; sourceTree = "<group>"; };
		E67F68CF179EE6040086F03C /* UIColor+PYUIKit.m */ = {isa = PBXFileReference; fileEncoding = 4; lastKnownFileType = sourcecode.c.objc; path = "UIColor+PYUIKit.m"; sourceTree = "<group>"; };
		E67F68D2179EE66E0086F03C /* PYUIKitMacro.h */ = {isa = PBXFileReference; lastKnownFileType = sourcecode.c.h; path = PYUIKitMacro.h; sourceTree = "<group>"; };
		E67F68D3179EE7000086F03C /* PYRectangleCalc.h */ = {isa = PBXFileReference; lastKnownFileType = sourcecode.c.h; path = PYRectangleCalc.h; sourceTree = "<group>"; };
		E67F68D4179EE70C0086F03C /* PYRectangleCalc.m */ = {isa = PBXFileReference; fileEncoding = 4; lastKnownFileType = sourcecode.c.objc; path = PYRectangleCalc.m; sourceTree = "<group>"; };
		E67F68D6179EE9340086F03C /* PYUIKit.h */ = {isa = PBXFileReference; fileEncoding = 4; lastKnownFileType = sourcecode.c.h; path = PYUIKit.h; sourceTree = "<group>"; };
		E67F68DA179EEB9C0086F03C /* PYInnerShadowLayer.h */ = {isa = PBXFileReference; fileEncoding = 4; lastKnownFileType = sourcecode.c.h; path = PYInnerShadowLayer.h; sourceTree = "<group>"; };
		E67F68DB179EEB9C0086F03C /* PYInnerShadowLayer.m */ = {isa = PBXFileReference; fileEncoding = 4; lastKnownFileType = sourcecode.c.objc; path = PYInnerShadowLayer.m; sourceTree = "<group>"; };
		E6A3871315B5468D0096A14A /* PYCore.framework */ = {isa = PBXFileReference; lastKnownFileType = wrapper.framework; name = PYCore.framework; path = System/Library/Frameworks/PYCore.framework; sourceTree = SDKROOT; };
		E6D57F3D15F5A8C400C1ED25 /* libPYUIKit.a */ = {isa = PBXFileReference; explicitFileType = archive.ar; includeInIndex = 0; path = libPYUIKit.a; sourceTree = BUILT_PRODUCTS_DIR; };
		E6D57F4115F5A8C400C1ED25 /* PYUIKit-Prefix.pch */ = {isa = PBXFileReference; lastKnownFileType = sourcecode.c.h; path = "PYUIKit-Prefix.pch"; sourceTree = "<group>"; };
/* End PBXFileReference section */

/* Begin PBXFrameworksBuildPhase section */
		E6D57F3A15F5A8C400C1ED25 /* Frameworks */ = {
			isa = PBXFrameworksBuildPhase;
			buildActionMask = 2147483647;
			files = (
				E67F68C0179EE33B0086F03C /* PYCore.framework in Frameworks */,
				E6D57F3E15F5A8C400C1ED25 /* Foundation.framework in Frameworks */,
			);
			runOnlyForDeploymentPostprocessing = 0;
		};
/* End PBXFrameworksBuildPhase section */

/* Begin PBXGroup section */
		E6263F7415B42B1400DCF831 = {
			isa = PBXGroup;
			children = (
				E6263FA515B42BCD00DCF831 /* static-library */,
				E6D57F3F15F5A8C400C1ED25 /* PYUIKit */,
				E6263F8215B42B1400DCF831 /* Frameworks */,
				E6263F8015B42B1400DCF831 /* Products */,
			);
			sourceTree = "<group>";
		};
		E6263F8015B42B1400DCF831 /* Products */ = {
			isa = PBXGroup;
			children = (
				E6D57F3D15F5A8C400C1ED25 /* libPYUIKit.a */,
			);
			name = Products;
			sourceTree = "<group>";
		};
		E6263F8215B42B1400DCF831 /* Frameworks */ = {
			isa = PBXGroup;
			children = (
				E6A3871315B5468D0096A14A /* PYCore.framework */,
				E6263FF115B4327100DCF831 /* ImageIO.framework */,
				E6263FEF15B4326B00DCF831 /* QuartzCore.framework */,
				E6263FED15B4326700DCF831 /* Accelerate.framework */,
				E6263F8315B42B1400DCF831 /* UIKit.framework */,
				E6263F8515B42B1400DCF831 /* Foundation.framework */,
				E6263F8715B42B1400DCF831 /* CoreGraphics.framework */,
			);
			name = Frameworks;
			sourceTree = "<group>";
		};
		E6263FA515B42BCD00DCF831 /* static-library */ = {
			isa = PBXGroup;
			children = (
				E67F68D6179EE9340086F03C /* PYUIKit.h */,
				E67F68CD179EE58C0086F03C /* UIKit.Utilities */,
				E67F68BF179EE3170086F03C /* UIKit.Kernel */,
			);
			path = "static-library";
			sourceTree = "<group>";
		};
		E67F68BF179EE3170086F03C /* UIKit.Kernel */ = {
			isa = PBXGroup;
			children = (
				E67F68C1179EE37D0086F03C /* PYLayer.h */,
				E67F68C2179EE37D0086F03C /* PYLayer.m */,
				E67F68C5179EE4E90086F03C /* PYStaticLayer.h */,
				E67F68C6179EE4E90086F03C /* PYStaticLayer.m */,
				E67F68DA179EEB9C0086F03C /* PYInnerShadowLayer.h */,
				E67F68DB179EEB9C0086F03C /* PYInnerShadowLayer.m */,
				E67F68C9179EE56B0086F03C /* PYView.h */,
				E67F68CA179EE56C0086F03C /* PYView.m */,
			);
			path = UIKit.Kernel;
			sourceTree = "<group>";
		};
		E67F68CD179EE58C0086F03C /* UIKit.Utilities */ = {
			isa = PBXGroup;
			children = (
				E67F68CE179EE6040086F03C /* UIColor+PYUIKit.h */,
				E67F68CF179EE6040086F03C /* UIColor+PYUIKit.m */,
				E67F68D2179EE66E0086F03C /* PYUIKitMacro.h */,
				E67F68D3179EE7000086F03C /* PYRectangleCalc.h */,
				E67F68D4179EE70C0086F03C /* PYRectangleCalc.m */,
			);
			path = UIKit.Utilities;
			sourceTree = "<group>";
		};
		E6D57F3F15F5A8C400C1ED25 /* PYUIKit */ = {
			isa = PBXGroup;
			children = (
				E6D57F4015F5A8C400C1ED25 /* Supporting Files */,
			);
			path = PYUIKit;
			sourceTree = "<group>";
		};
		E6D57F4015F5A8C400C1ED25 /* Supporting Files */ = {
			isa = PBXGroup;
			children = (
				E6D57F4115F5A8C400C1ED25 /* PYUIKit-Prefix.pch */,
			);
			name = "Supporting Files";
			sourceTree = "<group>";
		};
/* End PBXGroup section */

/* Begin PBXHeadersBuildPhase section */
		E6D57F3B15F5A8C400C1ED25 /* Headers */ = {
			isa = PBXHeadersBuildPhase;
			buildActionMask = 2147483647;
			files = (
				E67F68C3179EE37D0086F03C /* PYLayer.h in Headers */,
				E67F68C7179EE4E90086F03C /* PYStaticLayer.h in Headers */,
				E67F68CB179EE56C0086F03C /* PYView.h in Headers */,
				E67F68D0179EE6040086F03C /* UIColor+PYUIKit.h in Headers */,
				E67F68D7179EE9340086F03C /* PYUIKit.h in Headers */,
				E67F68DC179EEB9D0086F03C /* PYInnerShadowLayer.h in Headers */,
			);
			runOnlyForDeploymentPostprocessing = 0;
		};
/* End PBXHeadersBuildPhase section */

/* Begin PBXNativeTarget section */
		E6D57F3C15F5A8C400C1ED25 /* PYUIKit */ = {
			isa = PBXNativeTarget;
			buildConfigurationList = E6D57F4515F5A8C400C1ED25 /* Build configuration list for PBXNativeTarget "PYUIKit" */;
			buildPhases = (
				E6D57F3915F5A8C400C1ED25 /* Sources */,
				E6D57F3A15F5A8C400C1ED25 /* Frameworks */,
				E6D57F3B15F5A8C400C1ED25 /* Headers */,
			);
			buildRules = (
			);
			dependencies = (
			);
			name = PYUIKit;
			productName = PYUIKit;
			productReference = E6D57F3D15F5A8C400C1ED25 /* libPYUIKit.a */;
			productType = "com.apple.product-type.library.static";
		};
/* End PBXNativeTarget section */

/* Begin PBXProject section */
		E6263F7615B42B1400DCF831 /* Project object */ = {
			isa = PBXProject;
			attributes = {
				CLASSPREFIX = PY;
				LastUpgradeCheck = 0460;
				ORGANIZATIONNAME = "Push Lab";
			};
			buildConfigurationList = E6263F7915B42B1400DCF831 /* Build configuration list for PBXProject "PYUIKit" */;
			compatibilityVersion = "Xcode 3.2";
			developmentRegion = English;
			hasScannedForEncodings = 0;
			knownRegions = (
				en,
			);
			mainGroup = E6263F7415B42B1400DCF831;
			productRefGroup = E6263F8015B42B1400DCF831 /* Products */;
			projectDirPath = "";
			projectRoot = "";
			targets = (
				E6D57F3C15F5A8C400C1ED25 /* PYUIKit */,
			);
		};
/* End PBXProject section */

/* Begin PBXSourcesBuildPhase section */
		E6D57F3915F5A8C400C1ED25 /* Sources */ = {
			isa = PBXSourcesBuildPhase;
			buildActionMask = 2147483647;
			files = (
				E67F68C4179EE37D0086F03C /* PYLayer.m in Sources */,
				E67F68C8179EE4E90086F03C /* PYStaticLayer.m in Sources */,
				E67F68CC179EE56C0086F03C /* PYView.m in Sources */,
				E67F68D1179EE6040086F03C /* UIColor+PYUIKit.m in Sources */,
				E67F68D8179EE9DE0086F03C /* PYRectangleCalc.m in Sources */,
				E67F68DD179EEB9D0086F03C /* PYInnerShadowLayer.m in Sources */,
			);
			runOnlyForDeploymentPostprocessing = 0;
		};
/* End PBXSourcesBuildPhase section */

/* Begin XCBuildConfiguration section */
		E6263F9E15B42B1400DCF831 /* Debug */ = {
			isa = XCBuildConfiguration;
			buildSettings = {
				ALWAYS_SEARCH_USER_PATHS = NO;
				ARCHS = "$(ARCHS_STANDARD_32_BIT)";
				CLANG_WARN_CONSTANT_CONVERSION = YES;
				CLANG_WARN_ENUM_CONVERSION = YES;
				CLANG_WARN_INT_CONVERSION = YES;
				CLANG_WARN__DUPLICATE_METHOD_MATCH = YES;
				"CODE_SIGN_IDENTITY[sdk=iphoneos*]" = "iPhone Developer";
				COPY_PHASE_STRIP = NO;
				GCC_C_LANGUAGE_STANDARD = gnu99;
				GCC_DYNAMIC_NO_PIC = NO;
				GCC_OPTIMIZATION_LEVEL = 0;
				GCC_PREPROCESSOR_DEFINITIONS = (
					"DEBUG=1",
					"$(inherited)",
				);
				GCC_SYMBOLS_PRIVATE_EXTERN = NO;
				GCC_VERSION = com.apple.compilers.llvm.clang.1_0;
				GCC_WARN_ABOUT_RETURN_TYPE = YES;
				GCC_WARN_UNINITIALIZED_AUTOS = YES;
				GCC_WARN_UNUSED_VARIABLE = YES;
				IPHONEOS_DEPLOYMENT_TARGET = 5.0;
				SDKROOT = iphoneos;
				TARGETED_DEVICE_FAMILY = "1,2";
			};
			name = Debug;
		};
		E6263F9F15B42B1400DCF831 /* Release */ = {
			isa = XCBuildConfiguration;
			buildSettings = {
				ALWAYS_SEARCH_USER_PATHS = NO;
				ARCHS = "$(ARCHS_STANDARD_32_BIT)";
				CLANG_WARN_CONSTANT_CONVERSION = YES;
				CLANG_WARN_ENUM_CONVERSION = YES;
				CLANG_WARN_INT_CONVERSION = YES;
				CLANG_WARN__DUPLICATE_METHOD_MATCH = YES;
				"CODE_SIGN_IDENTITY[sdk=iphoneos*]" = "iPhone Developer";
				COPY_PHASE_STRIP = YES;
				GCC_C_LANGUAGE_STANDARD = gnu99;
				GCC_VERSION = com.apple.compilers.llvm.clang.1_0;
				GCC_WARN_ABOUT_RETURN_TYPE = YES;
				GCC_WARN_UNINITIALIZED_AUTOS = YES;
				GCC_WARN_UNUSED_VARIABLE = YES;
				IPHONEOS_DEPLOYMENT_TARGET = 5.0;
				OTHER_CFLAGS = "-DNS_BLOCK_ASSERTIONS=1";
				SDKROOT = iphoneos;
				TARGETED_DEVICE_FAMILY = "1,2";
				VALIDATE_PRODUCT = YES;
			};
			name = Release;
		};
		E6D57F4615F5A8C400C1ED25 /* Debug */ = {
			isa = XCBuildConfiguration;
			buildSettings = {
				CLANG_ENABLE_OBJC_ARC = YES;
				DSTROOT = /tmp/PYUIKit.dst;
				GCC_PRECOMPILE_PREFIX_HEADER = YES;
				GCC_PREFIX_HEADER = "PYUIKit/PYUIKit-Prefix.pch";
				HEADER_SEARCH_PATHS = "${SOURCE_ROOT}/../PYCore/static-library/**";
				OTHER_LDFLAGS = (
					"-ObjC",
					"-all_load",
				);
				PRODUCT_NAME = "$(TARGET_NAME)";
				SKIP_INSTALL = YES;
				VALID_ARCHS = "armv7 armv7s i386";
			};
			name = Debug;
		};
		E6D57F4715F5A8C400C1ED25 /* Release */ = {
			isa = XCBuildConfiguration;
			buildSettings = {
				CLANG_ENABLE_OBJC_ARC = YES;
				DSTROOT = /tmp/PYUIKit.dst;
				GCC_PRECOMPILE_PREFIX_HEADER = YES;
				GCC_PREFIX_HEADER = "PYUIKit/PYUIKit-Prefix.pch";
				HEADER_SEARCH_PATHS = "${SOURCE_ROOT}/../PYCore/static-library/**";
				OTHER_LDFLAGS = (
					"-ObjC",
					"-all_load",
				);
				PRODUCT_NAME = "$(TARGET_NAME)";
				SKIP_INSTALL = YES;
				VALID_ARCHS = "armv7 armv7s i386";
			};
			name = Release;
		};
/* End XCBuildConfiguration section */

/* Begin XCConfigurationList section */
		E6263F7915B42B1400DCF831 /* Build configuration list for PBXProject "PYUIKit" */ = {
			isa = XCConfigurationList;
			buildConfigurations = (
				E6263F9E15B42B1400DCF831 /* Debug */,
				E6263F9F15B42B1400DCF831 /* Release */,
			);
			defaultConfigurationIsVisible = 0;
			defaultConfigurationName = Release;
		};
		E6D57F4515F5A8C400C1ED25 /* Build configuration list for PBXNativeTarget "PYUIKit" */ = {
			isa = XCConfigurationList;
			buildConfigurations = (
				E6D57F4615F5A8C400C1ED25 /* Debug */,
				E6D57F4715F5A8C400C1ED25 /* Release */,
			);
			defaultConfigurationIsVisible = 0;
			defaultConfigurationName = Release;
		};
/* End XCConfigurationList section */
	};
	rootObject = E6263F7615B42B1400DCF831 /* Project object */;
}
