// !$*UTF8*$!
{
	archiveVersion = 1;
	classes = {
	};
	objectVersion = 46;
	objects = {

/* Begin PBXBuildFile section */
		E63A77AF16097DBC0029CE9B /* UIKit.framework in Frameworks */ = {isa = PBXBuildFile; fileRef = E63A77AE16097DBC0029CE9B /* UIKit.framework */; };
		E63A77B116097DBC0029CE9B /* Foundation.framework in Frameworks */ = {isa = PBXBuildFile; fileRef = E63A77B016097DBC0029CE9B /* Foundation.framework */; };
		E63A77B316097DBC0029CE9B /* CoreGraphics.framework in Frameworks */ = {isa = PBXBuildFile; fileRef = E63A77B216097DBC0029CE9B /* CoreGraphics.framework */; };
		E63A77B916097DBC0029CE9B /* InfoPlist.strings in Resources */ = {isa = PBXBuildFile; fileRef = E63A77B716097DBC0029CE9B /* InfoPlist.strings */; };
		E63A77BB16097DBC0029CE9B /* main.m in Sources */ = {isa = PBXBuildFile; fileRef = E63A77BA16097DBC0029CE9B /* main.m */; };
		E63A77BF16097DBC0029CE9B /* PYAppDelegate.m in Sources */ = {isa = PBXBuildFile; fileRef = E63A77BE16097DBC0029CE9B /* PYAppDelegate.m */; };
		E63A77C216097DBC0029CE9B /* PYViewController.m in Sources */ = {isa = PBXBuildFile; fileRef = E63A77C116097DBC0029CE9B /* PYViewController.m */; };
		E63A77C516097DBC0029CE9B /* PYViewController.xib in Resources */ = {isa = PBXBuildFile; fileRef = E63A77C316097DBC0029CE9B /* PYViewController.xib */; };
		E63A77CC16097DCB0029CE9B /* PYCore.framework in Frameworks */ = {isa = PBXBuildFile; fileRef = E63A77CB16097DCB0029CE9B /* PYCore.framework */; };
		E63A77D016097DD90029CE9B /* AddressBook.framework in Frameworks */ = {isa = PBXBuildFile; fileRef = E63A77CF16097DD90029CE9B /* AddressBook.framework */; };
		E63A77D416098E4B0029CE9B /* PYMultipleAddressBookViewController.m in Sources */ = {isa = PBXBuildFile; fileRef = E63A77D316098E4B0029CE9B /* PYMultipleAddressBookViewController.m */; };
		E63A77DB160994BE0029CE9B /* ImageIO.framework in Frameworks */ = {isa = PBXBuildFile; fileRef = E63A77DA160994BE0029CE9B /* ImageIO.framework */; };
		E63A77DD160994C50029CE9B /* QuartzCore.framework in Frameworks */ = {isa = PBXBuildFile; fileRef = E63A77DC160994C50029CE9B /* QuartzCore.framework */; };
		E63A77F7160998580029CE9B /* pinyin.m in Sources */ = {isa = PBXBuildFile; fileRef = E63A77F6160998580029CE9B /* pinyin.m */; };
/* End PBXBuildFile section */

/* Begin PBXFileReference section */
		E63A77AA16097DBC0029CE9B /* PYAddressBook.app */ = {isa = PBXFileReference; explicitFileType = wrapper.application; includeInIndex = 0; path = PYAddressBook.app; sourceTree = BUILT_PRODUCTS_DIR; };
		E63A77AE16097DBC0029CE9B /* UIKit.framework */ = {isa = PBXFileReference; lastKnownFileType = wrapper.framework; name = UIKit.framework; path = System/Library/Frameworks/UIKit.framework; sourceTree = SDKROOT; };
		E63A77B016097DBC0029CE9B /* Foundation.framework */ = {isa = PBXFileReference; lastKnownFileType = wrapper.framework; name = Foundation.framework; path = System/Library/Frameworks/Foundation.framework; sourceTree = SDKROOT; };
		E63A77B216097DBC0029CE9B /* CoreGraphics.framework */ = {isa = PBXFileReference; lastKnownFileType = wrapper.framework; name = CoreGraphics.framework; path = System/Library/Frameworks/CoreGraphics.framework; sourceTree = SDKROOT; };
		E63A77B616097DBC0029CE9B /* PYAddressBook-Info.plist */ = {isa = PBXFileReference; lastKnownFileType = text.plist.xml; path = "PYAddressBook-Info.plist"; sourceTree = "<group>"; };
		E63A77B816097DBC0029CE9B /* en */ = {isa = PBXFileReference; lastKnownFileType = text.plist.strings; name = en; path = en.lproj/InfoPlist.strings; sourceTree = "<group>"; };
		E63A77BA16097DBC0029CE9B /* main.m */ = {isa = PBXFileReference; lastKnownFileType = sourcecode.c.objc; path = main.m; sourceTree = "<group>"; };
		E63A77BC16097DBC0029CE9B /* PYAddressBook-Prefix.pch */ = {isa = PBXFileReference; lastKnownFileType = sourcecode.c.h; path = "PYAddressBook-Prefix.pch"; sourceTree = "<group>"; };
		E63A77BD16097DBC0029CE9B /* PYAppDelegate.h */ = {isa = PBXFileReference; lastKnownFileType = sourcecode.c.h; path = PYAppDelegate.h; sourceTree = "<group>"; };
		E63A77BE16097DBC0029CE9B /* PYAppDelegate.m */ = {isa = PBXFileReference; lastKnownFileType = sourcecode.c.objc; path = PYAppDelegate.m; sourceTree = "<group>"; };
		E63A77C016097DBC0029CE9B /* PYViewController.h */ = {isa = PBXFileReference; lastKnownFileType = sourcecode.c.h; path = PYViewController.h; sourceTree = "<group>"; };
		E63A77C116097DBC0029CE9B /* PYViewController.m */ = {isa = PBXFileReference; lastKnownFileType = sourcecode.c.objc; path = PYViewController.m; sourceTree = "<group>"; };
		E63A77C416097DBC0029CE9B /* en */ = {isa = PBXFileReference; lastKnownFileType = file.xib; name = en; path = en.lproj/PYViewController.xib; sourceTree = "<group>"; };
		E63A77CB16097DCB0029CE9B /* PYCore.framework */ = {isa = PBXFileReference; lastKnownFileType = wrapper.framework; name = PYCore.framework; path = System/Library/Frameworks/PYCore.framework; sourceTree = SDKROOT; };
		E63A77CF16097DD90029CE9B /* AddressBook.framework */ = {isa = PBXFileReference; lastKnownFileType = wrapper.framework; name = AddressBook.framework; path = System/Library/Frameworks/AddressBook.framework; sourceTree = SDKROOT; };
		E63A77D216098E4B0029CE9B /* PYMultipleAddressBookViewController.h */ = {isa = PBXFileReference; fileEncoding = 4; lastKnownFileType = sourcecode.c.h; name = PYMultipleAddressBookViewController.h; path = PYMultipleAddressBook/PYMultipleAddressBookViewController.h; sourceTree = SOURCE_ROOT; };
		E63A77D316098E4B0029CE9B /* PYMultipleAddressBookViewController.m */ = {isa = PBXFileReference; fileEncoding = 4; lastKnownFileType = sourcecode.c.objc; name = PYMultipleAddressBookViewController.m; path = PYMultipleAddressBook/PYMultipleAddressBookViewController.m; sourceTree = SOURCE_ROOT; };
		E63A77DA160994BE0029CE9B /* ImageIO.framework */ = {isa = PBXFileReference; lastKnownFileType = wrapper.framework; name = ImageIO.framework; path = System/Library/Frameworks/ImageIO.framework; sourceTree = SDKROOT; };
		E63A77DC160994C50029CE9B /* QuartzCore.framework */ = {isa = PBXFileReference; lastKnownFileType = wrapper.framework; name = QuartzCore.framework; path = System/Library/Frameworks/QuartzCore.framework; sourceTree = SDKROOT; };
		E63A77F5160998580029CE9B /* pinyin.h */ = {isa = PBXFileReference; fileEncoding = 4; lastKnownFileType = sourcecode.c.h; path = pinyin.h; sourceTree = "<group>"; };
		E63A77F6160998580029CE9B /* pinyin.m */ = {isa = PBXFileReference; fileEncoding = 4; lastKnownFileType = sourcecode.c.objc; path = pinyin.m; sourceTree = "<group>"; };
/* End PBXFileReference section */

/* Begin PBXFrameworksBuildPhase section */
		E63A77A716097DBC0029CE9B /* Frameworks */ = {
			isa = PBXFrameworksBuildPhase;
			buildActionMask = 2147483647;
			files = (
				E63A77DD160994C50029CE9B /* QuartzCore.framework in Frameworks */,
				E63A77DB160994BE0029CE9B /* ImageIO.framework in Frameworks */,
				E63A77D016097DD90029CE9B /* AddressBook.framework in Frameworks */,
				E63A77CC16097DCB0029CE9B /* PYCore.framework in Frameworks */,
				E63A77AF16097DBC0029CE9B /* UIKit.framework in Frameworks */,
				E63A77B116097DBC0029CE9B /* Foundation.framework in Frameworks */,
				E63A77B316097DBC0029CE9B /* CoreGraphics.framework in Frameworks */,
			);
			runOnlyForDeploymentPostprocessing = 0;
		};
/* End PBXFrameworksBuildPhase section */

/* Begin PBXGroup section */
		E63A779F16097DBB0029CE9B = {
			isa = PBXGroup;
			children = (
				E63A77D116098CD20029CE9B /* PYMultipleAddressBook */,
				E63A77B416097DBC0029CE9B /* PYAddressBook */,
				E63A77AD16097DBC0029CE9B /* Frameworks */,
				E63A77AB16097DBC0029CE9B /* Products */,
			);
			sourceTree = "<group>";
		};
		E63A77AB16097DBC0029CE9B /* Products */ = {
			isa = PBXGroup;
			children = (
				E63A77AA16097DBC0029CE9B /* PYAddressBook.app */,
			);
			name = Products;
			sourceTree = "<group>";
		};
		E63A77AD16097DBC0029CE9B /* Frameworks */ = {
			isa = PBXGroup;
			children = (
				E63A77DC160994C50029CE9B /* QuartzCore.framework */,
				E63A77DA160994BE0029CE9B /* ImageIO.framework */,
				E63A77CF16097DD90029CE9B /* AddressBook.framework */,
				E63A77CB16097DCB0029CE9B /* PYCore.framework */,
				E63A77AE16097DBC0029CE9B /* UIKit.framework */,
				E63A77B016097DBC0029CE9B /* Foundation.framework */,
				E63A77B216097DBC0029CE9B /* CoreGraphics.framework */,
			);
			name = Frameworks;
			sourceTree = "<group>";
		};
		E63A77B416097DBC0029CE9B /* PYAddressBook */ = {
			isa = PBXGroup;
			children = (
				E63A77BD16097DBC0029CE9B /* PYAppDelegate.h */,
				E63A77BE16097DBC0029CE9B /* PYAppDelegate.m */,
				E63A77C016097DBC0029CE9B /* PYViewController.h */,
				E63A77C116097DBC0029CE9B /* PYViewController.m */,
				E63A77C316097DBC0029CE9B /* PYViewController.xib */,
				E63A77B516097DBC0029CE9B /* Supporting Files */,
			);
			path = PYAddressBook;
			sourceTree = "<group>";
		};
		E63A77B516097DBC0029CE9B /* Supporting Files */ = {
			isa = PBXGroup;
			children = (
				E63A77B616097DBC0029CE9B /* PYAddressBook-Info.plist */,
				E63A77B716097DBC0029CE9B /* InfoPlist.strings */,
				E63A77BA16097DBC0029CE9B /* main.m */,
				E63A77BC16097DBC0029CE9B /* PYAddressBook-Prefix.pch */,
			);
			name = "Supporting Files";
			sourceTree = "<group>";
		};
		E63A77D116098CD20029CE9B /* PYMultipleAddressBook */ = {
			isa = PBXGroup;
			children = (
				E63A77F5160998580029CE9B /* pinyin.h */,
				E63A77F6160998580029CE9B /* pinyin.m */,
				E63A77D216098E4B0029CE9B /* PYMultipleAddressBookViewController.h */,
				E63A77D316098E4B0029CE9B /* PYMultipleAddressBookViewController.m */,
			);
			path = PYMultipleAddressBook;
			sourceTree = "<group>";
		};
/* End PBXGroup section */

/* Begin PBXNativeTarget section */
		E63A77A916097DBC0029CE9B /* PYAddressBook */ = {
			isa = PBXNativeTarget;
			buildConfigurationList = E63A77C816097DBC0029CE9B /* Build configuration list for PBXNativeTarget "PYAddressBook" */;
			buildPhases = (
				E63A77A616097DBC0029CE9B /* Sources */,
				E63A77A716097DBC0029CE9B /* Frameworks */,
				E63A77A816097DBC0029CE9B /* Resources */,
			);
			buildRules = (
			);
			dependencies = (
			);
			name = PYAddressBook;
			productName = PYAddressBook;
			productReference = E63A77AA16097DBC0029CE9B /* PYAddressBook.app */;
			productType = "com.apple.product-type.application";
		};
/* End PBXNativeTarget section */

/* Begin PBXProject section */
		E63A77A116097DBB0029CE9B /* Project object */ = {
			isa = PBXProject;
			attributes = {
				CLASSPREFIX = PY;
				LastUpgradeCheck = 0430;
				ORGANIZATIONNAME = PushLab;
			};
			buildConfigurationList = E63A77A416097DBB0029CE9B /* Build configuration list for PBXProject "PYAddressBook" */;
			compatibilityVersion = "Xcode 3.2";
			developmentRegion = English;
			hasScannedForEncodings = 0;
			knownRegions = (
				en,
			);
			mainGroup = E63A779F16097DBB0029CE9B;
			productRefGroup = E63A77AB16097DBC0029CE9B /* Products */;
			projectDirPath = "";
			projectRoot = "";
			targets = (
				E63A77A916097DBC0029CE9B /* PYAddressBook */,
			);
		};
/* End PBXProject section */

/* Begin PBXResourcesBuildPhase section */
		E63A77A816097DBC0029CE9B /* Resources */ = {
			isa = PBXResourcesBuildPhase;
			buildActionMask = 2147483647;
			files = (
				E63A77B916097DBC0029CE9B /* InfoPlist.strings in Resources */,
				E63A77C516097DBC0029CE9B /* PYViewController.xib in Resources */,
			);
			runOnlyForDeploymentPostprocessing = 0;
		};
/* End PBXResourcesBuildPhase section */

/* Begin PBXSourcesBuildPhase section */
		E63A77A616097DBC0029CE9B /* Sources */ = {
			isa = PBXSourcesBuildPhase;
			buildActionMask = 2147483647;
			files = (
				E63A77BB16097DBC0029CE9B /* main.m in Sources */,
				E63A77BF16097DBC0029CE9B /* PYAppDelegate.m in Sources */,
				E63A77C216097DBC0029CE9B /* PYViewController.m in Sources */,
				E63A77D416098E4B0029CE9B /* PYMultipleAddressBookViewController.m in Sources */,
				E63A77F7160998580029CE9B /* pinyin.m in Sources */,
			);
			runOnlyForDeploymentPostprocessing = 0;
		};
/* End PBXSourcesBuildPhase section */

/* Begin PBXVariantGroup section */
		E63A77B716097DBC0029CE9B /* InfoPlist.strings */ = {
			isa = PBXVariantGroup;
			children = (
				E63A77B816097DBC0029CE9B /* en */,
			);
			name = InfoPlist.strings;
			sourceTree = "<group>";
		};
		E63A77C316097DBC0029CE9B /* PYViewController.xib */ = {
			isa = PBXVariantGroup;
			children = (
				E63A77C416097DBC0029CE9B /* en */,
			);
			name = PYViewController.xib;
			sourceTree = "<group>";
		};
/* End PBXVariantGroup section */

/* Begin XCBuildConfiguration section */
		E63A77C616097DBC0029CE9B /* Debug */ = {
			isa = XCBuildConfiguration;
			buildSettings = {
				ALWAYS_SEARCH_USER_PATHS = NO;
				ARCHS = "$(ARCHS_STANDARD_32_BIT)";
				"CODE_SIGN_IDENTITY[sdk=iphoneos*]" = "iPhone Developer";
				COPY_PHASE_STRIP = NO;
				GCC_C_LANGUAGE_STANDARD = gnu99;
				GCC_DYNAMIC_NO_PIC = NO;
				GCC_OPTIMIZATION_LEVEL = 0;
				GCC_PREPROCESSOR_DEFINITIONS = (
					"DEBUG=1",
					"$(inherited)",
				);
				GCC_SYMBOLS_PRIVATE_EXTERN = NO;
				GCC_VERSION = com.apple.compilers.llvm.clang.1_0;
				GCC_WARN_ABOUT_RETURN_TYPE = YES;
				GCC_WARN_UNINITIALIZED_AUTOS = YES;
				GCC_WARN_UNUSED_VARIABLE = YES;
				IPHONEOS_DEPLOYMENT_TARGET = 5.1;
				SDKROOT = iphoneos;
			};
			name = Debug;
		};
		E63A77C716097DBC0029CE9B /* Release */ = {
			isa = XCBuildConfiguration;
			buildSettings = {
				ALWAYS_SEARCH_USER_PATHS = NO;
				ARCHS = "$(ARCHS_STANDARD_32_BIT)";
				"CODE_SIGN_IDENTITY[sdk=iphoneos*]" = "iPhone Developer";
				COPY_PHASE_STRIP = YES;
				GCC_C_LANGUAGE_STANDARD = gnu99;
				GCC_VERSION = com.apple.compilers.llvm.clang.1_0;
				GCC_WARN_ABOUT_RETURN_TYPE = YES;
				GCC_WARN_UNINITIALIZED_AUTOS = YES;
				GCC_WARN_UNUSED_VARIABLE = YES;
				IPHONEOS_DEPLOYMENT_TARGET = 5.1;
				OTHER_CFLAGS = "-DNS_BLOCK_ASSERTIONS=1";
				SDKROOT = iphoneos;
				VALIDATE_PRODUCT = YES;
			};
			name = Release;
		};
		E63A77C916097DBC0029CE9B /* Debug */ = {
			isa = XCBuildConfiguration;
			buildSettings = {
				GCC_PRECOMPILE_PREFIX_HEADER = YES;
				GCC_PREFIX_HEADER = "PYAddressBook/PYAddressBook-Prefix.pch";
				INFOPLIST_FILE = "PYAddressBook/PYAddressBook-Info.plist";
				OTHER_LDFLAGS = (
					"-ObjC",
					"-all_load",
				);
				PRODUCT_NAME = "$(TARGET_NAME)";
				WRAPPER_EXTENSION = app;
			};
			name = Debug;
		};
		E63A77CA16097DBC0029CE9B /* Release */ = {
			isa = XCBuildConfiguration;
			buildSettings = {
				GCC_PRECOMPILE_PREFIX_HEADER = YES;
				GCC_PREFIX_HEADER = "PYAddressBook/PYAddressBook-Prefix.pch";
				INFOPLIST_FILE = "PYAddressBook/PYAddressBook-Info.plist";
				OTHER_LDFLAGS = (
					"-ObjC",
					"-all_load",
				);
				PRODUCT_NAME = "$(TARGET_NAME)";
				WRAPPER_EXTENSION = app;
			};
			name = Release;
		};
/* End XCBuildConfiguration section */

/* Begin XCConfigurationList section */
		E63A77A416097DBB0029CE9B /* Build configuration list for PBXProject "PYAddressBook" */ = {
			isa = XCConfigurationList;
			buildConfigurations = (
				E63A77C616097DBC0029CE9B /* Debug */,
				E63A77C716097DBC0029CE9B /* Release */,
			);
			defaultConfigurationIsVisible = 0;
			defaultConfigurationName = Release;
		};
		E63A77C816097DBC0029CE9B /* Build configuration list for PBXNativeTarget "PYAddressBook" */ = {
			isa = XCConfigurationList;
			buildConfigurations = (
				E63A77C916097DBC0029CE9B /* Debug */,
				E63A77CA16097DBC0029CE9B /* Release */,
			);
			defaultConfigurationIsVisible = 0;
			defaultConfigurationName = Release;
		};
/* End XCConfigurationList section */
	};
	rootObject = E63A77A116097DBB0029CE9B /* Project object */;
}
