// !$*UTF8*$!
{
	archiveVersion = 1;
	classes = {
	};
	objectVersion = 46;
	objects = {

/* Begin PBXBuildFile section */
		E6183C1316BAAFEF009B3148 /* UIKit.framework in Frameworks */ = {isa = PBXBuildFile; fileRef = E6183C1216BAAFEF009B3148 /* UIKit.framework */; };
		E6183C1516BAAFEF009B3148 /* Foundation.framework in Frameworks */ = {isa = PBXBuildFile; fileRef = E6183C1416BAAFEF009B3148 /* Foundation.framework */; };
		E6183C1716BAAFEF009B3148 /* CoreGraphics.framework in Frameworks */ = {isa = PBXBuildFile; fileRef = E6183C1616BAAFEF009B3148 /* CoreGraphics.framework */; };
		E6183C1D16BAAFEF009B3148 /* InfoPlist.strings in Resources */ = {isa = PBXBuildFile; fileRef = E6183C1B16BAAFEF009B3148 /* InfoPlist.strings */; };
		E6183C1F16BAAFEF009B3148 /* main.m in Sources */ = {isa = PBXBuildFile; fileRef = E6183C1E16BAAFEF009B3148 /* main.m */; };
		E6183C2316BAAFEF009B3148 /* rtAppDelegate.m in Sources */ = {isa = PBXBuildFile; fileRef = E6183C2216BAAFEF009B3148 /* rtAppDelegate.m */; };
		E6183C2516BAAFEF009B3148 /* Default.png in Resources */ = {isa = PBXBuildFile; fileRef = E6183C2416BAAFEF009B3148 /* Default.png */; };
		E6183C2716BAAFEF009B3148 /* Default@2x.png in Resources */ = {isa = PBXBuildFile; fileRef = E6183C2616BAAFEF009B3148 /* Default@2x.png */; };
		E6183C2916BAAFEF009B3148 /* Default-568h@2x.png in Resources */ = {isa = PBXBuildFile; fileRef = E6183C2816BAAFEF009B3148 /* Default-568h@2x.png */; };
		E6183C2C16BAAFEF009B3148 /* rtViewController.m in Sources */ = {isa = PBXBuildFile; fileRef = E6183C2B16BAAFEF009B3148 /* rtViewController.m */; };
		E6183C2F16BAAFEF009B3148 /* rtViewController.xib in Resources */ = {isa = PBXBuildFile; fileRef = E6183C2D16BAAFEF009B3148 /* rtViewController.xib */; };
		E6183C3716BAB034009B3148 /* RichLabel.m in Sources */ = {isa = PBXBuildFile; fileRef = E6183C3616BAB034009B3148 /* RichLabel.m */; };
		E6183C3916BACDEE009B3148 /* 4_org.png in Resources */ = {isa = PBXBuildFile; fileRef = E6183C3816BACDEE009B3148 /* 4_org.png */; };
/* End PBXBuildFile section */

/* Begin PBXFileReference section */
		E6183C0E16BAAFEF009B3148 /* Richtext.app */ = {isa = PBXFileReference; explicitFileType = wrapper.application; includeInIndex = 0; path = Richtext.app; sourceTree = BUILT_PRODUCTS_DIR; };
		E6183C1216BAAFEF009B3148 /* UIKit.framework */ = {isa = PBXFileReference; lastKnownFileType = wrapper.framework; name = UIKit.framework; path = System/Library/Frameworks/UIKit.framework; sourceTree = SDKROOT; };
		E6183C1416BAAFEF009B3148 /* Foundation.framework */ = {isa = PBXFileReference; lastKnownFileType = wrapper.framework; name = Foundation.framework; path = System/Library/Frameworks/Foundation.framework; sourceTree = SDKROOT; };
		E6183C1616BAAFEF009B3148 /* CoreGraphics.framework */ = {isa = PBXFileReference; lastKnownFileType = wrapper.framework; name = CoreGraphics.framework; path = System/Library/Frameworks/CoreGraphics.framework; sourceTree = SDKROOT; };
		E6183C1A16BAAFEF009B3148 /* Richtext-Info.plist */ = {isa = PBXFileReference; lastKnownFileType = text.plist.xml; path = "Richtext-Info.plist"; sourceTree = "<group>"; };
		E6183C1C16BAAFEF009B3148 /* en */ = {isa = PBXFileReference; lastKnownFileType = text.plist.strings; name = en; path = en.lproj/InfoPlist.strings; sourceTree = "<group>"; };
		E6183C1E16BAAFEF009B3148 /* main.m */ = {isa = PBXFileReference; lastKnownFileType = sourcecode.c.objc; path = main.m; sourceTree = "<group>"; };
		E6183C2016BAAFEF009B3148 /* Richtext-Prefix.pch */ = {isa = PBXFileReference; lastKnownFileType = sourcecode.c.h; path = "Richtext-Prefix.pch"; sourceTree = "<group>"; };
		E6183C2116BAAFEF009B3148 /* rtAppDelegate.h */ = {isa = PBXFileReference; lastKnownFileType = sourcecode.c.h; path = rtAppDelegate.h; sourceTree = "<group>"; };
		E6183C2216BAAFEF009B3148 /* rtAppDelegate.m */ = {isa = PBXFileReference; lastKnownFileType = sourcecode.c.objc; path = rtAppDelegate.m; sourceTree = "<group>"; };
		E6183C2416BAAFEF009B3148 /* Default.png */ = {isa = PBXFileReference; lastKnownFileType = image.png; path = Default.png; sourceTree = "<group>"; };
		E6183C2616BAAFEF009B3148 /* Default@2x.png */ = {isa = PBXFileReference; lastKnownFileType = image.png; path = "Default@2x.png"; sourceTree = "<group>"; };
		E6183C2816BAAFEF009B3148 /* Default-568h@2x.png */ = {isa = PBXFileReference; lastKnownFileType = image.png; path = "Default-568h@2x.png"; sourceTree = "<group>"; };
		E6183C2A16BAAFEF009B3148 /* rtViewController.h */ = {isa = PBXFileReference; lastKnownFileType = sourcecode.c.h; path = rtViewController.h; sourceTree = "<group>"; };
		E6183C2B16BAAFEF009B3148 /* rtViewController.m */ = {isa = PBXFileReference; lastKnownFileType = sourcecode.c.objc; path = rtViewController.m; sourceTree = "<group>"; };
		E6183C2E16BAAFEF009B3148 /* en */ = {isa = PBXFileReference; lastKnownFileType = file.xib; name = en; path = en.lproj/rtViewController.xib; sourceTree = "<group>"; };
		E6183C3516BAB034009B3148 /* RichLabel.h */ = {isa = PBXFileReference; fileEncoding = 4; lastKnownFileType = sourcecode.c.h; path = RichLabel.h; sourceTree = "<group>"; };
		E6183C3616BAB034009B3148 /* RichLabel.m */ = {isa = PBXFileReference; fileEncoding = 4; lastKnownFileType = sourcecode.c.objc; path = RichLabel.m; sourceTree = "<group>"; };
		E6183C3816BACDEE009B3148 /* 4_org.png */ = {isa = PBXFileReference; lastKnownFileType = image.png; path = 4_org.png; sourceTree = "<group>"; };
/* End PBXFileReference section */

/* Begin PBXFrameworksBuildPhase section */
		E6183C0B16BAAFEF009B3148 /* Frameworks */ = {
			isa = PBXFrameworksBuildPhase;
			buildActionMask = 2147483647;
			files = (
				E6183C1316BAAFEF009B3148 /* UIKit.framework in Frameworks */,
				E6183C1516BAAFEF009B3148 /* Foundation.framework in Frameworks */,
				E6183C1716BAAFEF009B3148 /* CoreGraphics.framework in Frameworks */,
			);
			runOnlyForDeploymentPostprocessing = 0;
		};
/* End PBXFrameworksBuildPhase section */

/* Begin PBXGroup section */
		E6183C0316BAAFEF009B3148 = {
			isa = PBXGroup;
			children = (
				E6183C1816BAAFEF009B3148 /* Richtext */,
				E6183C1116BAAFEF009B3148 /* Frameworks */,
				E6183C0F16BAAFEF009B3148 /* Products */,
			);
			sourceTree = "<group>";
		};
		E6183C0F16BAAFEF009B3148 /* Products */ = {
			isa = PBXGroup;
			children = (
				E6183C0E16BAAFEF009B3148 /* Richtext.app */,
			);
			name = Products;
			sourceTree = "<group>";
		};
		E6183C1116BAAFEF009B3148 /* Frameworks */ = {
			isa = PBXGroup;
			children = (
				E6183C1216BAAFEF009B3148 /* UIKit.framework */,
				E6183C1416BAAFEF009B3148 /* Foundation.framework */,
				E6183C1616BAAFEF009B3148 /* CoreGraphics.framework */,
			);
			name = Frameworks;
			sourceTree = "<group>";
		};
		E6183C1816BAAFEF009B3148 /* Richtext */ = {
			isa = PBXGroup;
			children = (
				E6183C3816BACDEE009B3148 /* 4_org.png */,
				E6183C3516BAB034009B3148 /* RichLabel.h */,
				E6183C3616BAB034009B3148 /* RichLabel.m */,
				E6183C2116BAAFEF009B3148 /* rtAppDelegate.h */,
				E6183C2216BAAFEF009B3148 /* rtAppDelegate.m */,
				E6183C2A16BAAFEF009B3148 /* rtViewController.h */,
				E6183C2B16BAAFEF009B3148 /* rtViewController.m */,
				E6183C2D16BAAFEF009B3148 /* rtViewController.xib */,
				E6183C1916BAAFEF009B3148 /* Supporting Files */,
			);
			path = Richtext;
			sourceTree = "<group>";
		};
		E6183C1916BAAFEF009B3148 /* Supporting Files */ = {
			isa = PBXGroup;
			children = (
				E6183C1A16BAAFEF009B3148 /* Richtext-Info.plist */,
				E6183C1B16BAAFEF009B3148 /* InfoPlist.strings */,
				E6183C1E16BAAFEF009B3148 /* main.m */,
				E6183C2016BAAFEF009B3148 /* Richtext-Prefix.pch */,
				E6183C2416BAAFEF009B3148 /* Default.png */,
				E6183C2616BAAFEF009B3148 /* Default@2x.png */,
				E6183C2816BAAFEF009B3148 /* Default-568h@2x.png */,
			);
			name = "Supporting Files";
			sourceTree = "<group>";
		};
/* End PBXGroup section */

/* Begin PBXNativeTarget section */
		E6183C0D16BAAFEF009B3148 /* Richtext */ = {
			isa = PBXNativeTarget;
			buildConfigurationList = E6183C3216BAAFEF009B3148 /* Build configuration list for PBXNativeTarget "Richtext" */;
			buildPhases = (
				E6183C0A16BAAFEF009B3148 /* Sources */,
				E6183C0B16BAAFEF009B3148 /* Frameworks */,
				E6183C0C16BAAFEF009B3148 /* Resources */,
			);
			buildRules = (
			);
			dependencies = (
			);
			name = Richtext;
			productName = Richtext;
			productReference = E6183C0E16BAAFEF009B3148 /* Richtext.app */;
			productType = "com.apple.product-type.application";
		};
/* End PBXNativeTarget section */

/* Begin PBXProject section */
		E6183C0516BAAFEF009B3148 /* Project object */ = {
			isa = PBXProject;
			attributes = {
				CLASSPREFIX = rt;
				LastUpgradeCheck = 0450;
				ORGANIZATIONNAME = "Push Chen";
			};
			buildConfigurationList = E6183C0816BAAFEF009B3148 /* Build configuration list for PBXProject "Richtext" */;
			compatibilityVersion = "Xcode 3.2";
			developmentRegion = English;
			hasScannedForEncodings = 0;
			knownRegions = (
				en,
			);
			mainGroup = E6183C0316BAAFEF009B3148;
			productRefGroup = E6183C0F16BAAFEF009B3148 /* Products */;
			projectDirPath = "";
			projectRoot = "";
			targets = (
				E6183C0D16BAAFEF009B3148 /* Richtext */,
			);
		};
/* End PBXProject section */

/* Begin PBXResourcesBuildPhase section */
		E6183C0C16BAAFEF009B3148 /* Resources */ = {
			isa = PBXResourcesBuildPhase;
			buildActionMask = 2147483647;
			files = (
				E6183C1D16BAAFEF009B3148 /* InfoPlist.strings in Resources */,
				E6183C2516BAAFEF009B3148 /* Default.png in Resources */,
				E6183C2716BAAFEF009B3148 /* Default@2x.png in Resources */,
				E6183C2916BAAFEF009B3148 /* Default-568h@2x.png in Resources */,
				E6183C2F16BAAFEF009B3148 /* rtViewController.xib in Resources */,
				E6183C3916BACDEE009B3148 /* 4_org.png in Resources */,
			);
			runOnlyForDeploymentPostprocessing = 0;
		};
/* End PBXResourcesBuildPhase section */

/* Begin PBXSourcesBuildPhase section */
		E6183C0A16BAAFEF009B3148 /* Sources */ = {
			isa = PBXSourcesBuildPhase;
			buildActionMask = 2147483647;
			files = (
				E6183C1F16BAAFEF009B3148 /* main.m in Sources */,
				E6183C2316BAAFEF009B3148 /* rtAppDelegate.m in Sources */,
				E6183C2C16BAAFEF009B3148 /* rtViewController.m in Sources */,
				E6183C3716BAB034009B3148 /* RichLabel.m in Sources */,
			);
			runOnlyForDeploymentPostprocessing = 0;
		};
/* End PBXSourcesBuildPhase section */

/* Begin PBXVariantGroup section */
		E6183C1B16BAAFEF009B3148 /* InfoPlist.strings */ = {
			isa = PBXVariantGroup;
			children = (
				E6183C1C16BAAFEF009B3148 /* en */,
			);
			name = InfoPlist.strings;
			sourceTree = "<group>";
		};
		E6183C2D16BAAFEF009B3148 /* rtViewController.xib */ = {
			isa = PBXVariantGroup;
			children = (
				E6183C2E16BAAFEF009B3148 /* en */,
			);
			name = rtViewController.xib;
			sourceTree = "<group>";
		};
/* End PBXVariantGroup section */

/* Begin XCBuildConfiguration section */
		E6183C3016BAAFEF009B3148 /* Debug */ = {
			isa = XCBuildConfiguration;
			buildSettings = {
				ALWAYS_SEARCH_USER_PATHS = NO;
				CLANG_CXX_LANGUAGE_STANDARD = "gnu++0x";
				CLANG_CXX_LIBRARY = "libc++";
				CLANG_WARN_EMPTY_BODY = YES;
				CLANG_WARN__DUPLICATE_METHOD_MATCH = YES;
				"CODE_SIGN_IDENTITY[sdk=iphoneos*]" = "iPhone Developer";
				COPY_PHASE_STRIP = NO;
				GCC_C_LANGUAGE_STANDARD = gnu99;
				GCC_DYNAMIC_NO_PIC = NO;
				GCC_OPTIMIZATION_LEVEL = 0;
				GCC_PREPROCESSOR_DEFINITIONS = (
					"DEBUG=1",
					"$(inherited)",
				);
				GCC_SYMBOLS_PRIVATE_EXTERN = NO;
				GCC_WARN_ABOUT_RETURN_TYPE = YES;
				GCC_WARN_UNINITIALIZED_AUTOS = YES;
				GCC_WARN_UNUSED_VARIABLE = YES;
				IPHONEOS_DEPLOYMENT_TARGET = 6.0;
				ONLY_ACTIVE_ARCH = YES;
				SDKROOT = iphoneos;
			};
			name = Debug;
		};
		E6183C3116BAAFEF009B3148 /* Release */ = {
			isa = XCBuildConfiguration;
			buildSettings = {
				ALWAYS_SEARCH_USER_PATHS = NO;
				CLANG_CXX_LANGUAGE_STANDARD = "gnu++0x";
				CLANG_CXX_LIBRARY = "libc++";
				CLANG_WARN_EMPTY_BODY = YES;
				CLANG_WARN__DUPLICATE_METHOD_MATCH = YES;
				"CODE_SIGN_IDENTITY[sdk=iphoneos*]" = "iPhone Developer";
				COPY_PHASE_STRIP = YES;
				GCC_C_LANGUAGE_STANDARD = gnu99;
				GCC_WARN_ABOUT_RETURN_TYPE = YES;
				GCC_WARN_UNINITIALIZED_AUTOS = YES;
				GCC_WARN_UNUSED_VARIABLE = YES;
				IPHONEOS_DEPLOYMENT_TARGET = 6.0;
				OTHER_CFLAGS = "-DNS_BLOCK_ASSERTIONS=1";
				SDKROOT = iphoneos;
				VALIDATE_PRODUCT = YES;
			};
			name = Release;
		};
		E6183C3316BAAFEF009B3148 /* Debug */ = {
			isa = XCBuildConfiguration;
			buildSettings = {
				GCC_PRECOMPILE_PREFIX_HEADER = YES;
				GCC_PREFIX_HEADER = "Richtext/Richtext-Prefix.pch";
				INFOPLIST_FILE = "Richtext/Richtext-Info.plist";
				PRODUCT_NAME = "$(TARGET_NAME)";
				WRAPPER_EXTENSION = app;
			};
			name = Debug;
		};
		E6183C3416BAAFEF009B3148 /* Release */ = {
			isa = XCBuildConfiguration;
			buildSettings = {
				GCC_PRECOMPILE_PREFIX_HEADER = YES;
				GCC_PREFIX_HEADER = "Richtext/Richtext-Prefix.pch";
				INFOPLIST_FILE = "Richtext/Richtext-Info.plist";
				PRODUCT_NAME = "$(TARGET_NAME)";
				WRAPPER_EXTENSION = app;
			};
			name = Release;
		};
/* End XCBuildConfiguration section */

/* Begin XCConfigurationList section */
		E6183C0816BAAFEF009B3148 /* Build configuration list for PBXProject "Richtext" */ = {
			isa = XCConfigurationList;
			buildConfigurations = (
				E6183C3016BAAFEF009B3148 /* Debug */,
				E6183C3116BAAFEF009B3148 /* Release */,
			);
			defaultConfigurationIsVisible = 0;
			defaultConfigurationName = Release;
		};
		E6183C3216BAAFEF009B3148 /* Build configuration list for PBXNativeTarget "Richtext" */ = {
			isa = XCConfigurationList;
			buildConfigurations = (
				E6183C3316BAAFEF009B3148 /* Debug */,
				E6183C3416BAAFEF009B3148 /* Release */,
			);
			defaultConfigurationIsVisible = 0;
		};
/* End XCConfigurationList section */
	};
	rootObject = E6183C0516BAAFEF009B3148 /* Project object */;
}
