// !$*UTF8*$!
{
	archiveVersion = 1;
	classes = {
	};
	objectVersion = 46;
	objects = {

/* Begin PBXBuildFile section */
		E67913B9191CD2E600704D19 /* Foundation.framework in Frameworks */ = {isa = PBXBuildFile; fileRef = E67913B8191CD2E600704D19 /* Foundation.framework */; };
		E67913BB191CD2E600704D19 /* CoreGraphics.framework in Frameworks */ = {isa = PBXBuildFile; fileRef = E67913BA191CD2E600704D19 /* CoreGraphics.framework */; };
		E67913BD191CD2E600704D19 /* UIKit.framework in Frameworks */ = {isa = PBXBuildFile; fileRef = E67913BC191CD2E600704D19 /* UIKit.framework */; };
		E67913C3191CD2E700704D19 /* InfoPlist.strings in Resources */ = {isa = PBXBuildFile; fileRef = E67913C1191CD2E700704D19 /* InfoPlist.strings */; };
		E67913C5191CD2E700704D19 /* main.m in Sources */ = {isa = PBXBuildFile; fileRef = E67913C4191CD2E700704D19 /* main.m */; };
		E67913C9191CD2E700704D19 /* PYAppDelegate.m in Sources */ = {isa = PBXBuildFile; fileRef = E67913C8191CD2E700704D19 /* PYAppDelegate.m */; };
		E67913CC191CD2E700704D19 /* Main.storyboard in Resources */ = {isa = PBXBuildFile; fileRef = E67913CA191CD2E700704D19 /* Main.storyboard */; };
		E67913CF191CD2E700704D19 /* PYViewController.m in Sources */ = {isa = PBXBuildFile; fileRef = E67913CE191CD2E700704D19 /* PYViewController.m */; };
		E67913D1191CD2E700704D19 /* Images.xcassets in Resources */ = {isa = PBXBuildFile; fileRef = E67913D0191CD2E700704D19 /* Images.xcassets */; };
		E67913D8191CD2E700704D19 /* XCTest.framework in Frameworks */ = {isa = PBXBuildFile; fileRef = E67913D7191CD2E700704D19 /* XCTest.framework */; };
		E67913D9191CD2E700704D19 /* Foundation.framework in Frameworks */ = {isa = PBXBuildFile; fileRef = E67913B8191CD2E600704D19 /* Foundation.framework */; };
		E67913DA191CD2E700704D19 /* UIKit.framework in Frameworks */ = {isa = PBXBuildFile; fileRef = E67913BC191CD2E600704D19 /* UIKit.framework */; };
		E67913E2191CD2E700704D19 /* InfoPlist.strings in Resources */ = {isa = PBXBuildFile; fileRef = E67913E0191CD2E700704D19 /* InfoPlist.strings */; };
		E67913E4191CD2E700704D19 /* PYDataDemoTests.m in Sources */ = {isa = PBXBuildFile; fileRef = E67913E3191CD2E700704D19 /* PYDataDemoTests.m */; };
		E67913EE191CD2F500704D19 /* PYCore.framework in Frameworks */ = {isa = PBXBuildFile; fileRef = E67913ED191CD2F500704D19 /* PYCore.framework */; };
		E67913F0191CD2F900704D19 /* PYData.framework in Frameworks */ = {isa = PBXBuildFile; fileRef = E67913EF191CD2F900704D19 /* PYData.framework */; };
		E67913F2191CD2FD00704D19 /* libsqlite3.dylib in Frameworks */ = {isa = PBXBuildFile; fileRef = E67913F1191CD2FD00704D19 /* libsqlite3.dylib */; };
		E67913F5191CD33B00704D19 /* PYHumanInfo.m in Sources */ = {isa = PBXBuildFile; fileRef = E67913F4191CD33B00704D19 /* PYHumanInfo.m */; };
		E67913F8191CD5BE00704D19 /* PYHumanListViewController.m in Sources */ = {isa = PBXBuildFile; fileRef = E67913F7191CD5BE00704D19 /* PYHumanListViewController.m */; };
		E67913FB191CD74300704D19 /* PYNewHumanViewController.m in Sources */ = {isa = PBXBuildFile; fileRef = E67913FA191CD74300704D19 /* PYNewHumanViewController.m */; };
		E67913FE191CD91200704D19 /* PYHumanInfoViewController.m in Sources */ = {isa = PBXBuildFile; fileRef = E67913FD191CD91200704D19 /* PYHumanInfoViewController.m */; };
		E6791400191CDB4900704D19 /* PYNewHumanViewController.xib in Resources */ = {isa = PBXBuildFile; fileRef = E67913FF191CDB4900704D19 /* PYNewHumanViewController.xib */; };
		E6791402191CE2DA00704D19 /* PYHumanInfoViewController.xib in Resources */ = {isa = PBXBuildFile; fileRef = E6791401191CE2DA00704D19 /* PYHumanInfoViewController.xib */; };
/* End PBXBuildFile section */

/* Begin PBXContainerItemProxy section */
		E67913DB191CD2E700704D19 /* PBXContainerItemProxy */ = {
			isa = PBXContainerItemProxy;
			containerPortal = E67913AD191CD2E600704D19 /* Project object */;
			proxyType = 1;
			remoteGlobalIDString = E67913B4191CD2E600704D19;
			remoteInfo = PYDataDemo;
		};
/* End PBXContainerItemProxy section */

/* Begin PBXFileReference section */
		E67913B5191CD2E600704D19 /* PYDataDemo.app */ = {isa = PBXFileReference; explicitFileType = wrapper.application; includeInIndex = 0; path = PYDataDemo.app; sourceTree = BUILT_PRODUCTS_DIR; };
		E67913B8191CD2E600704D19 /* Foundation.framework */ = {isa = PBXFileReference; lastKnownFileType = wrapper.framework; name = Foundation.framework; path = System/Library/Frameworks/Foundation.framework; sourceTree = SDKROOT; };
		E67913BA191CD2E600704D19 /* CoreGraphics.framework */ = {isa = PBXFileReference; lastKnownFileType = wrapper.framework; name = CoreGraphics.framework; path = System/Library/Frameworks/CoreGraphics.framework; sourceTree = SDKROOT; };
		E67913BC191CD2E600704D19 /* UIKit.framework */ = {isa = PBXFileReference; lastKnownFileType = wrapper.framework; name = UIKit.framework; path = System/Library/Frameworks/UIKit.framework; sourceTree = SDKROOT; };
		E67913C0191CD2E600704D19 /* PYDataDemo-Info.plist */ = {isa = PBXFileReference; lastKnownFileType = text.plist.xml; path = "PYDataDemo-Info.plist"; sourceTree = "<group>"; };
		E67913C2191CD2E700704D19 /* en */ = {isa = PBXFileReference; lastKnownFileType = text.plist.strings; name = en; path = en.lproj/InfoPlist.strings; sourceTree = "<group>"; };
		E67913C4191CD2E700704D19 /* main.m */ = {isa = PBXFileReference; lastKnownFileType = sourcecode.c.objc; path = main.m; sourceTree = "<group>"; };
		E67913C6191CD2E700704D19 /* PYDataDemo-Prefix.pch */ = {isa = PBXFileReference; lastKnownFileType = sourcecode.c.h; path = "PYDataDemo-Prefix.pch"; sourceTree = "<group>"; };
		E67913C7191CD2E700704D19 /* PYAppDelegate.h */ = {isa = PBXFileReference; lastKnownFileType = sourcecode.c.h; path = PYAppDelegate.h; sourceTree = "<group>"; };
		E67913C8191CD2E700704D19 /* PYAppDelegate.m */ = {isa = PBXFileReference; lastKnownFileType = sourcecode.c.objc; path = PYAppDelegate.m; sourceTree = "<group>"; };
		E67913CB191CD2E700704D19 /* Base */ = {isa = PBXFileReference; lastKnownFileType = file.storyboard; name = Base; path = Base.lproj/Main.storyboard; sourceTree = "<group>"; };
		E67913CD191CD2E700704D19 /* PYViewController.h */ = {isa = PBXFileReference; lastKnownFileType = sourcecode.c.h; path = PYViewController.h; sourceTree = "<group>"; };
		E67913CE191CD2E700704D19 /* PYViewController.m */ = {isa = PBXFileReference; lastKnownFileType = sourcecode.c.objc; path = PYViewController.m; sourceTree = "<group>"; };
		E67913D0191CD2E700704D19 /* Images.xcassets */ = {isa = PBXFileReference; lastKnownFileType = folder.assetcatalog; path = Images.xcassets; sourceTree = "<group>"; };
		E67913D6191CD2E700704D19 /* PYDataDemoTests.xctest */ = {isa = PBXFileReference; explicitFileType = wrapper.cfbundle; includeInIndex = 0; path = PYDataDemoTests.xctest; sourceTree = BUILT_PRODUCTS_DIR; };
		E67913D7191CD2E700704D19 /* XCTest.framework */ = {isa = PBXFileReference; lastKnownFileType = wrapper.framework; name = XCTest.framework; path = Library/Frameworks/XCTest.framework; sourceTree = DEVELOPER_DIR; };
		E67913DF191CD2E700704D19 /* PYDataDemoTests-Info.plist */ = {isa = PBXFileReference; lastKnownFileType = text.plist.xml; path = "PYDataDemoTests-Info.plist"; sourceTree = "<group>"; };
		E67913E1191CD2E700704D19 /* en */ = {isa = PBXFileReference; lastKnownFileType = text.plist.strings; name = en; path = en.lproj/InfoPlist.strings; sourceTree = "<group>"; };
		E67913E3191CD2E700704D19 /* PYDataDemoTests.m */ = {isa = PBXFileReference; lastKnownFileType = sourcecode.c.objc; path = PYDataDemoTests.m; sourceTree = "<group>"; };
		E67913ED191CD2F500704D19 /* PYCore.framework */ = {isa = PBXFileReference; lastKnownFileType = wrapper.framework; name = PYCore.framework; path = System/Library/Frameworks/PYCore.framework; sourceTree = SDKROOT; };
		E67913EF191CD2F900704D19 /* PYData.framework */ = {isa = PBXFileReference; lastKnownFileType = wrapper.framework; name = PYData.framework; path = System/Library/Frameworks/PYData.framework; sourceTree = SDKROOT; };
		E67913F1191CD2FD00704D19 /* libsqlite3.dylib */ = {isa = PBXFileReference; lastKnownFileType = "compiled.mach-o.dylib"; name = libsqlite3.dylib; path = usr/lib/libsqlite3.dylib; sourceTree = SDKROOT; };
		E67913F3191CD33B00704D19 /* PYHumanInfo.h */ = {isa = PBXFileReference; fileEncoding = 4; lastKnownFileType = sourcecode.c.h; path = PYHumanInfo.h; sourceTree = "<group>"; };
		E67913F4191CD33B00704D19 /* PYHumanInfo.m */ = {isa = PBXFileReference; fileEncoding = 4; lastKnownFileType = sourcecode.c.objc; path = PYHumanInfo.m; sourceTree = "<group>"; };
		E67913F6191CD5BE00704D19 /* PYHumanListViewController.h */ = {isa = PBXFileReference; fileEncoding = 4; lastKnownFileType = sourcecode.c.h; path = PYHumanListViewController.h; sourceTree = "<group>"; };
		E67913F7191CD5BE00704D19 /* PYHumanListViewController.m */ = {isa = PBXFileReference; fileEncoding = 4; lastKnownFileType = sourcecode.c.objc; path = PYHumanListViewController.m; sourceTree = "<group>"; };
		E67913F9191CD74300704D19 /* PYNewHumanViewController.h */ = {isa = PBXFileReference; fileEncoding = 4; lastKnownFileType = sourcecode.c.h; path = PYNewHumanViewController.h; sourceTree = "<group>"; };
		E67913FA191CD74300704D19 /* PYNewHumanViewController.m */ = {isa = PBXFileReference; fileEncoding = 4; lastKnownFileType = sourcecode.c.objc; path = PYNewHumanViewController.m; sourceTree = "<group>"; };
		E67913FC191CD91200704D19 /* PYHumanInfoViewController.h */ = {isa = PBXFileReference; fileEncoding = 4; lastKnownFileType = sourcecode.c.h; path = PYHumanInfoViewController.h; sourceTree = "<group>"; };
		E67913FD191CD91200704D19 /* PYHumanInfoViewController.m */ = {isa = PBXFileReference; fileEncoding = 4; lastKnownFileType = sourcecode.c.objc; path = PYHumanInfoViewController.m; sourceTree = "<group>"; };
		E67913FF191CDB4900704D19 /* PYNewHumanViewController.xib */ = {isa = PBXFileReference; fileEncoding = 4; lastKnownFileType = file.xib; path = PYNewHumanViewController.xib; sourceTree = "<group>"; };
		E6791401191CE2DA00704D19 /* PYHumanInfoViewController.xib */ = {isa = PBXFileReference; fileEncoding = 4; lastKnownFileType = file.xib; path = PYHumanInfoViewController.xib; sourceTree = "<group>"; };
/* End PBXFileReference section */

/* Begin PBXFrameworksBuildPhase section */
		E67913B2191CD2E600704D19 /* Frameworks */ = {
			isa = PBXFrameworksBuildPhase;
			buildActionMask = 2147483647;
			files = (
				E67913F2191CD2FD00704D19 /* libsqlite3.dylib in Frameworks */,
				E67913F0191CD2F900704D19 /* PYData.framework in Frameworks */,
				E67913EE191CD2F500704D19 /* PYCore.framework in Frameworks */,
				E67913BB191CD2E600704D19 /* CoreGraphics.framework in Frameworks */,
				E67913BD191CD2E600704D19 /* UIKit.framework in Frameworks */,
				E67913B9191CD2E600704D19 /* Foundation.framework in Frameworks */,
			);
			runOnlyForDeploymentPostprocessing = 0;
		};
		E67913D3191CD2E700704D19 /* Frameworks */ = {
			isa = PBXFrameworksBuildPhase;
			buildActionMask = 2147483647;
			files = (
				E67913D8191CD2E700704D19 /* XCTest.framework in Frameworks */,
				E67913DA191CD2E700704D19 /* UIKit.framework in Frameworks */,
				E67913D9191CD2E700704D19 /* Foundation.framework in Frameworks */,
			);
			runOnlyForDeploymentPostprocessing = 0;
		};
/* End PBXFrameworksBuildPhase section */

/* Begin PBXGroup section */
		E67913AC191CD2E600704D19 = {
			isa = PBXGroup;
			children = (
				E67913BE191CD2E600704D19 /* PYDataDemo */,
				E67913DD191CD2E700704D19 /* PYDataDemoTests */,
				E67913B7191CD2E600704D19 /* Frameworks */,
				E67913B6191CD2E600704D19 /* Products */,
			);
			sourceTree = "<group>";
		};
		E67913B6191CD2E600704D19 /* Products */ = {
			isa = PBXGroup;
			children = (
				E67913B5191CD2E600704D19 /* PYDataDemo.app */,
				E67913D6191CD2E700704D19 /* PYDataDemoTests.xctest */,
			);
			name = Products;
			sourceTree = "<group>";
		};
		E67913B7191CD2E600704D19 /* Frameworks */ = {
			isa = PBXGroup;
			children = (
				E67913F1191CD2FD00704D19 /* libsqlite3.dylib */,
				E67913EF191CD2F900704D19 /* PYData.framework */,
				E67913ED191CD2F500704D19 /* PYCore.framework */,
				E67913B8191CD2E600704D19 /* Foundation.framework */,
				E67913BA191CD2E600704D19 /* CoreGraphics.framework */,
				E67913BC191CD2E600704D19 /* UIKit.framework */,
				E67913D7191CD2E700704D19 /* XCTest.framework */,
			);
			name = Frameworks;
			sourceTree = "<group>";
		};
		E67913BE191CD2E600704D19 /* PYDataDemo */ = {
			isa = PBXGroup;
			children = (
				E67913F3191CD33B00704D19 /* PYHumanInfo.h */,
				E67913F4191CD33B00704D19 /* PYHumanInfo.m */,
				E67913C7191CD2E700704D19 /* PYAppDelegate.h */,
				E67913C8191CD2E700704D19 /* PYAppDelegate.m */,
				E67913CA191CD2E700704D19 /* Main.storyboard */,
				E67913CD191CD2E700704D19 /* PYViewController.h */,
				E67913CE191CD2E700704D19 /* PYViewController.m */,
				E67913F6191CD5BE00704D19 /* PYHumanListViewController.h */,
				E67913F7191CD5BE00704D19 /* PYHumanListViewController.m */,
				E67913F9191CD74300704D19 /* PYNewHumanViewController.h */,
				E67913FA191CD74300704D19 /* PYNewHumanViewController.m */,
				E67913FF191CDB4900704D19 /* PYNewHumanViewController.xib */,
				E67913FC191CD91200704D19 /* PYHumanInfoViewController.h */,
				E67913FD191CD91200704D19 /* PYHumanInfoViewController.m */,
				E6791401191CE2DA00704D19 /* PYHumanInfoViewController.xib */,
				E67913D0191CD2E700704D19 /* Images.xcassets */,
				E67913BF191CD2E600704D19 /* Supporting Files */,
			);
			path = PYDataDemo;
			sourceTree = "<group>";
		};
		E67913BF191CD2E600704D19 /* Supporting Files */ = {
			isa = PBXGroup;
			children = (
				E67913C0191CD2E600704D19 /* PYDataDemo-Info.plist */,
				E67913C1191CD2E700704D19 /* InfoPlist.strings */,
				E67913C4191CD2E700704D19 /* main.m */,
				E67913C6191CD2E700704D19 /* PYDataDemo-Prefix.pch */,
			);
			name = "Supporting Files";
			sourceTree = "<group>";
		};
		E67913DD191CD2E700704D19 /* PYDataDemoTests */ = {
			isa = PBXGroup;
			children = (
				E67913E3191CD2E700704D19 /* PYDataDemoTests.m */,
				E67913DE191CD2E700704D19 /* Supporting Files */,
			);
			path = PYDataDemoTests;
			sourceTree = "<group>";
		};
		E67913DE191CD2E700704D19 /* Supporting Files */ = {
			isa = PBXGroup;
			children = (
				E67913DF191CD2E700704D19 /* PYDataDemoTests-Info.plist */,
				E67913E0191CD2E700704D19 /* InfoPlist.strings */,
			);
			name = "Supporting Files";
			sourceTree = "<group>";
		};
/* End PBXGroup section */

/* Begin PBXNativeTarget section */
		E67913B4191CD2E600704D19 /* PYDataDemo */ = {
			isa = PBXNativeTarget;
			buildConfigurationList = E67913E7191CD2E700704D19 /* Build configuration list for PBXNativeTarget "PYDataDemo" */;
			buildPhases = (
				E67913B1191CD2E600704D19 /* Sources */,
				E67913B2191CD2E600704D19 /* Frameworks */,
				E67913B3191CD2E600704D19 /* Resources */,
			);
			buildRules = (
			);
			dependencies = (
			);
			name = PYDataDemo;
			productName = PYDataDemo;
			productReference = E67913B5191CD2E600704D19 /* PYDataDemo.app */;
			productType = "com.apple.product-type.application";
		};
		E67913D5191CD2E700704D19 /* PYDataDemoTests */ = {
			isa = PBXNativeTarget;
			buildConfigurationList = E67913EA191CD2E700704D19 /* Build configuration list for PBXNativeTarget "PYDataDemoTests" */;
			buildPhases = (
				E67913D2191CD2E700704D19 /* Sources */,
				E67913D3191CD2E700704D19 /* Frameworks */,
				E67913D4191CD2E700704D19 /* Resources */,
			);
			buildRules = (
			);
			dependencies = (
				E67913DC191CD2E700704D19 /* PBXTargetDependency */,
			);
			name = PYDataDemoTests;
			productName = PYDataDemoTests;
			productReference = E67913D6191CD2E700704D19 /* PYDataDemoTests.xctest */;
			productType = "com.apple.product-type.bundle.unit-test";
		};
/* End PBXNativeTarget section */

/* Begin PBXProject section */
		E67913AD191CD2E600704D19 /* Project object */ = {
			isa = PBXProject;
			attributes = {
				CLASSPREFIX = PY;
				LastUpgradeCheck = 0510;
				ORGANIZATIONNAME = PushLab;
				TargetAttributes = {
					E67913D5191CD2E700704D19 = {
						TestTargetID = E67913B4191CD2E600704D19;
					};
				};
			};
			buildConfigurationList = E67913B0191CD2E600704D19 /* Build configuration list for PBXProject "PYDataDemo" */;
			compatibilityVersion = "Xcode 3.2";
			developmentRegion = English;
			hasScannedForEncodings = 0;
			knownRegions = (
				en,
				Base,
			);
			mainGroup = E67913AC191CD2E600704D19;
			productRefGroup = E67913B6191CD2E600704D19 /* Products */;
			projectDirPath = "";
			projectRoot = "";
			targets = (
				E67913B4191CD2E600704D19 /* PYDataDemo */,
				E67913D5191CD2E700704D19 /* PYDataDemoTests */,
			);
		};
/* End PBXProject section */

/* Begin PBXResourcesBuildPhase section */
		E67913B3191CD2E600704D19 /* Resources */ = {
			isa = PBXResourcesBuildPhase;
			buildActionMask = 2147483647;
			files = (
				E6791400191CDB4900704D19 /* PYNewHumanViewController.xib in Resources */,
				E6791402191CE2DA00704D19 /* PYHumanInfoViewController.xib in Resources */,
				E67913D1191CD2E700704D19 /* Images.xcassets in Resources */,
				E67913C3191CD2E700704D19 /* InfoPlist.strings in Resources */,
				E67913CC191CD2E700704D19 /* Main.storyboard in Resources */,
			);
			runOnlyForDeploymentPostprocessing = 0;
		};
		E67913D4191CD2E700704D19 /* Resources */ = {
			isa = PBXResourcesBuildPhase;
			buildActionMask = 2147483647;
			files = (
				E67913E2191CD2E700704D19 /* InfoPlist.strings in Resources */,
			);
			runOnlyForDeploymentPostprocessing = 0;
		};
/* End PBXResourcesBuildPhase section */

/* Begin PBXSourcesBuildPhase section */
		E67913B1191CD2E600704D19 /* Sources */ = {
			isa = PBXSourcesBuildPhase;
			buildActionMask = 2147483647;
			files = (
				E67913F8191CD5BE00704D19 /* PYHumanListViewController.m in Sources */,
				E67913CF191CD2E700704D19 /* PYViewController.m in Sources */,
				E67913C5191CD2E700704D19 /* main.m in Sources */,
				E67913F5191CD33B00704D19 /* PYHumanInfo.m in Sources */,
				E67913FB191CD74300704D19 /* PYNewHumanViewController.m in Sources */,
				E67913FE191CD91200704D19 /* PYHumanInfoViewController.m in Sources */,
				E67913C9191CD2E700704D19 /* PYAppDelegate.m in Sources */,
			);
			runOnlyForDeploymentPostprocessing = 0;
		};
		E67913D2191CD2E700704D19 /* Sources */ = {
			isa = PBXSourcesBuildPhase;
			buildActionMask = 2147483647;
			files = (
				E67913E4191CD2E700704D19 /* PYDataDemoTests.m in Sources */,
			);
			runOnlyForDeploymentPostprocessing = 0;
		};
/* End PBXSourcesBuildPhase section */

/* Begin PBXTargetDependency section */
		E67913DC191CD2E700704D19 /* PBXTargetDependency */ = {
			isa = PBXTargetDependency;
			target = E67913B4191CD2E600704D19 /* PYDataDemo */;
			targetProxy = E67913DB191CD2E700704D19 /* PBXContainerItemProxy */;
		};
/* End PBXTargetDependency section */

/* Begin PBXVariantGroup section */
		E67913C1191CD2E700704D19 /* InfoPlist.strings */ = {
			isa = PBXVariantGroup;
			children = (
				E67913C2191CD2E700704D19 /* en */,
			);
			name = InfoPlist.strings;
			sourceTree = "<group>";
		};
		E67913CA191CD2E700704D19 /* Main.storyboard */ = {
			isa = PBXVariantGroup;
			children = (
				E67913CB191CD2E700704D19 /* Base */,
			);
			name = Main.storyboard;
			sourceTree = "<group>";
		};
		E67913E0191CD2E700704D19 /* InfoPlist.strings */ = {
			isa = PBXVariantGroup;
			children = (
				E67913E1191CD2E700704D19 /* en */,
			);
			name = InfoPlist.strings;
			sourceTree = "<group>";
		};
/* End PBXVariantGroup section */

/* Begin XCBuildConfiguration section */
		E67913E5191CD2E700704D19 /* Debug */ = {
			isa = XCBuildConfiguration;
			buildSettings = {
				ALWAYS_SEARCH_USER_PATHS = NO;
				CLANG_CXX_LANGUAGE_STANDARD = "gnu++0x";
				CLANG_CXX_LIBRARY = "libc++";
				CLANG_ENABLE_MODULES = YES;
				CLANG_ENABLE_OBJC_ARC = YES;
				CLANG_WARN_BOOL_CONVERSION = YES;
				CLANG_WARN_CONSTANT_CONVERSION = YES;
				CLANG_WARN_DIRECT_OBJC_ISA_USAGE = YES_ERROR;
				CLANG_WARN_EMPTY_BODY = YES;
				CLANG_WARN_ENUM_CONVERSION = YES;
				CLANG_WARN_INT_CONVERSION = YES;
				CLANG_WARN_OBJC_ROOT_CLASS = YES_ERROR;
				CLANG_WARN__DUPLICATE_METHOD_MATCH = YES;
				"CODE_SIGN_IDENTITY[sdk=iphoneos*]" = "iPhone Developer";
				COPY_PHASE_STRIP = NO;
				GCC_C_LANGUAGE_STANDARD = gnu99;
				GCC_DYNAMIC_NO_PIC = NO;
				GCC_OPTIMIZATION_LEVEL = 0;
				GCC_PREPROCESSOR_DEFINITIONS = (
					"DEBUG=1",
					"$(inherited)",
				);
				GCC_SYMBOLS_PRIVATE_EXTERN = NO;
				GCC_WARN_64_TO_32_BIT_CONVERSION = YES;
				GCC_WARN_ABOUT_RETURN_TYPE = YES_ERROR;
				GCC_WARN_UNDECLARED_SELECTOR = YES;
				GCC_WARN_UNINITIALIZED_AUTOS = YES_AGGRESSIVE;
				GCC_WARN_UNUSED_FUNCTION = YES;
				GCC_WARN_UNUSED_VARIABLE = YES;
				IPHONEOS_DEPLOYMENT_TARGET = 7.1;
				ONLY_ACTIVE_ARCH = YES;
				SDKROOT = iphoneos;
			};
			name = Debug;
		};
		E67913E6191CD2E700704D19 /* Release */ = {
			isa = XCBuildConfiguration;
			buildSettings = {
				ALWAYS_SEARCH_USER_PATHS = NO;
				CLANG_CXX_LANGUAGE_STANDARD = "gnu++0x";
				CLANG_CXX_LIBRARY = "libc++";
				CLANG_ENABLE_MODULES = YES;
				CLANG_ENABLE_OBJC_ARC = YES;
				CLANG_WARN_BOOL_CONVERSION = YES;
				CLANG_WARN_CONSTANT_CONVERSION = YES;
				CLANG_WARN_DIRECT_OBJC_ISA_USAGE = YES_ERROR;
				CLANG_WARN_EMPTY_BODY = YES;
				CLANG_WARN_ENUM_CONVERSION = YES;
				CLANG_WARN_INT_CONVERSION = YES;
				CLANG_WARN_OBJC_ROOT_CLASS = YES_ERROR;
				CLANG_WARN__DUPLICATE_METHOD_MATCH = YES;
				"CODE_SIGN_IDENTITY[sdk=iphoneos*]" = "iPhone Developer";
				COPY_PHASE_STRIP = YES;
				ENABLE_NS_ASSERTIONS = NO;
				GCC_C_LANGUAGE_STANDARD = gnu99;
				GCC_WARN_64_TO_32_BIT_CONVERSION = YES;
				GCC_WARN_ABOUT_RETURN_TYPE = YES_ERROR;
				GCC_WARN_UNDECLARED_SELECTOR = YES;
				GCC_WARN_UNINITIALIZED_AUTOS = YES_AGGRESSIVE;
				GCC_WARN_UNUSED_FUNCTION = YES;
				GCC_WARN_UNUSED_VARIABLE = YES;
				IPHONEOS_DEPLOYMENT_TARGET = 7.1;
				SDKROOT = iphoneos;
				VALIDATE_PRODUCT = YES;
			};
			name = Release;
		};
		E67913E8191CD2E700704D19 /* Debug */ = {
			isa = XCBuildConfiguration;
			buildSettings = {
				ASSETCATALOG_COMPILER_APPICON_NAME = AppIcon;
				ASSETCATALOG_COMPILER_LAUNCHIMAGE_NAME = LaunchImage;
				GCC_PRECOMPILE_PREFIX_HEADER = YES;
				GCC_PREFIX_HEADER = "PYDataDemo/PYDataDemo-Prefix.pch";
				INFOPLIST_FILE = "PYDataDemo/PYDataDemo-Info.plist";
				OTHER_LDFLAGS = "-all_load";
				PRODUCT_NAME = "$(TARGET_NAME)";
				WRAPPER_EXTENSION = app;
			};
			name = Debug;
		};
		E67913E9191CD2E700704D19 /* Release */ = {
			isa = XCBuildConfiguration;
			buildSettings = {
				ASSETCATALOG_COMPILER_APPICON_NAME = AppIcon;
				ASSETCATALOG_COMPILER_LAUNCHIMAGE_NAME = LaunchImage;
				GCC_PRECOMPILE_PREFIX_HEADER = YES;
				GCC_PREFIX_HEADER = "PYDataDemo/PYDataDemo-Prefix.pch";
				INFOPLIST_FILE = "PYDataDemo/PYDataDemo-Info.plist";
				OTHER_LDFLAGS = "-all_load";
				PRODUCT_NAME = "$(TARGET_NAME)";
				WRAPPER_EXTENSION = app;
			};
			name = Release;
		};
		E67913EB191CD2E700704D19 /* Debug */ = {
			isa = XCBuildConfiguration;
			buildSettings = {
				BUNDLE_LOADER = "$(BUILT_PRODUCTS_DIR)/PYDataDemo.app/PYDataDemo";
				FRAMEWORK_SEARCH_PATHS = (
					"$(SDKROOT)/Developer/Library/Frameworks",
					"$(inherited)",
					"$(DEVELOPER_FRAMEWORKS_DIR)",
				);
				GCC_PRECOMPILE_PREFIX_HEADER = YES;
				GCC_PREFIX_HEADER = "PYDataDemo/PYDataDemo-Prefix.pch";
				GCC_PREPROCESSOR_DEFINITIONS = (
					"DEBUG=1",
					"$(inherited)",
				);
				INFOPLIST_FILE = "PYDataDemoTests/PYDataDemoTests-Info.plist";
				PRODUCT_NAME = "$(TARGET_NAME)";
				TEST_HOST = "$(BUNDLE_LOADER)";
				WRAPPER_EXTENSION = xctest;
			};
			name = Debug;
		};
		E67913EC191CD2E700704D19 /* Release */ = {
			isa = XCBuildConfiguration;
			buildSettings = {
				BUNDLE_LOADER = "$(BUILT_PRODUCTS_DIR)/PYDataDemo.app/PYDataDemo";
				FRAMEWORK_SEARCH_PATHS = (
					"$(SDKROOT)/Developer/Library/Frameworks",
					"$(inherited)",
					"$(DEVELOPER_FRAMEWORKS_DIR)",
				);
				GCC_PRECOMPILE_PREFIX_HEADER = YES;
				GCC_PREFIX_HEADER = "PYDataDemo/PYDataDemo-Prefix.pch";
				INFOPLIST_FILE = "PYDataDemoTests/PYDataDemoTests-Info.plist";
				PRODUCT_NAME = "$(TARGET_NAME)";
				TEST_HOST = "$(BUNDLE_LOADER)";
				WRAPPER_EXTENSION = xctest;
			};
			name = Release;
		};
/* End XCBuildConfiguration section */

/* Begin XCConfigurationList section */
		E67913B0191CD2E600704D19 /* Build configuration list for PBXProject "PYDataDemo" */ = {
			isa = XCConfigurationList;
			buildConfigurations = (
				E67913E5191CD2E700704D19 /* Debug */,
				E67913E6191CD2E700704D19 /* Release */,
			);
			defaultConfigurationIsVisible = 0;
			defaultConfigurationName = Release;
		};
		E67913E7191CD2E700704D19 /* Build configuration list for PBXNativeTarget "PYDataDemo" */ = {
			isa = XCConfigurationList;
			buildConfigurations = (
				E67913E8191CD2E700704D19 /* Debug */,
				E67913E9191CD2E700704D19 /* Release */,
			);
			defaultConfigurationIsVisible = 0;
		};
		E67913EA191CD2E700704D19 /* Build configuration list for PBXNativeTarget "PYDataDemoTests" */ = {
			isa = XCConfigurationList;
			buildConfigurations = (
				E67913EB191CD2E700704D19 /* Debug */,
				E67913EC191CD2E700704D19 /* Release */,
			);
			defaultConfigurationIsVisible = 0;
		};
/* End XCConfigurationList section */
	};
	rootObject = E67913AD191CD2E600704D19 /* Project object */;
}
